
Microsoft Visual Studio Solution File, Format Version 12.00
# Visual Studio Version 17
VisualStudioVersion = 17.9.34728.123
MinimumVisualStudioVersion = 10.0.40219.1
Project("{FAE04EC0-301F-11D3-BF4B-00C04F79EFBC}") = "MyCorporateJourney", "MyCorporateJourney\MyCorporateJourney.csproj", "{14CA3B48-36FC-42D2-BADB-A0579B0E19EF}"
EndProject
Global
	GlobalSection(SolutionConfigurationPlatforms) = preSolution
		Debug|Any CPU = Debug|Any CPU
		Release|Any CPU = Release|Any CPU
	EndGlobalSection
	GlobalSection(ProjectConfigurationPlatforms) = postSolution
		{14CA3B48-36FC-42D2-BADB-A0579B0E19EF}.Debug|Any CPU.ActiveCfg = Debug|Any CPU
		{14CA3B48-36FC-42D2-BADB-A0579B0E19EF}.Debug|Any CPU.Build.0 = Debug|Any CPU
		{14CA3B48-36FC-42D2-BADB-A0579B0E19EF}.Release|Any CPU.ActiveCfg = Release|Any CPU
		{14CA3B48-36FC-42D2-BADB-A0579B0E19EF}.Release|Any CPU.Build.0 = Release|Any CPU
	EndGlobalSection
	GlobalSection(SolutionProperties) = preSolution
		HideSolutionNode = FALSE
	EndGlobalSection
	GlobalSection(ExtensibilityGlobals) = postSolution
		SolutionGuid = {AFF6C93E-3228-4CE3-B40D-EF59007D68FF}
	EndGlobalSection
EndGlobal
